{
  "name": "test_project",
  "version": "1.0.0",
  "lockfileVersion": 1,
  "requires": true,
  "dependencies": {
    "focus-trap": {
      "version": "3.0.0",
      "resolved": "https://registry.npmjs.org/focus-trap/-/focus-trap-3.0.0.tgz",
      "integrity": "sha512-jTFblf0tLWbleGjj2JZsAKbgtZTdL1uC48L8FcmSDl4c2vDoU4NycN1kgV5vJhuq1mxNFkw7uWZ1JAGlINWvyw==",
      "requires": {
        "tabbable": "^3.1.0",
        "xtend": "^4.0.1"
      }
    },
    "focus-trap-react": {
      "version": "4.0.1",
      "resolved": "https://registry.npmjs.org/focus-trap-react/-/focus-trap-react-4.0.1.tgz",
      "integrity": "sha512-UUZKVEn5cFbF6yUnW7lbXNW0iqN617ShSqYKgxctUvWw1wuylLtyVmC0RmPQNnJ/U+zoKc/djb0tZMs0uN/0QQ==",
      "requires": {
        "focus-trap": "^3.0.0"
      }
    },
    "jquery": {
      "version": "2.2.4",
      "resolved": "https://registry.npmjs.org/jquery/-/jquery-2.2.4.tgz",
      "integrity": "sha1-LInWiJterFIqfuoywUUhVZxsvwI="
    },
    "js-tokens": {
      "version": "4.0.0",
      "resolved": "https://registry.npmjs.org/js-tokens/-/js-tokens-4.0.0.tgz",
      "integrity": "sha512-RdJUflcE3cUzKiMqQgsCu06FPu9UdIJO0beYbPhHN4k6apgJtifcoCtT9bcxOpYBtpD2kCM6Sbzg4CausW/PKQ=="
    },
    "loose-envify": {
      "version": "1.4.0",
      "resolved": "https://registry.npmjs.org/loose-envify/-/loose-envify-1.4.0.tgz",
      "integrity": "sha512-lyuxPGr/Wfhrlem2CL/UcnUc1zcqKAImBDzukY7Y5F/yQiNdko6+fRLevlw1HgMySw7f611UIY408EtxRSoK3Q==",
      "requires": {
        "js-tokens": "^3.0.0 || ^4.0.0"
      }
    },
    "no-scroll": {
      "version": "2.1.1",
      "resolved": "https://registry.npmjs.org/no-scroll/-/no-scroll-2.1.1.tgz",
      "integrity": "sha512-YTzGAJOo/B6hkodeT5SKKHpOhAzjMfkUCCXjLJwjWk2F4/InIg+HbdH9kmT7bKpleDuqLZDTRy2OdNtAj0IVyQ=="
    },
    "object-assign": {
      "version": "4.1.1",
      "resolved": "https://registry.npmjs.org/object-assign/-/object-assign-4.1.1.tgz",
      "integrity": "sha1-IQmtx5ZYh8/AXLvUQsrIv7s2CGM="
    },
    "prop-types": {
      "version": "15.6.2",
      "resolved": "https://registry.npmjs.org/prop-types/-/prop-types-15.6.2.tgz",
      "integrity": "sha512-3pboPvLiWD7dkI3qf3KbUe6hKFKa52w+AE0VCqECtf+QHAKgOL37tTaNCnuX1nAAQ4ZhyP+kYVKf8rLmJ/feDQ==",
      "requires": {
        "loose-envify": "^1.3.1",
        "object-assign": "^4.1.1"
      }
    },
    "react": {
      "version": "16.5.2",
      "resolved": "https://registry.npmjs.org/react/-/react-16.5.2.tgz",
      "integrity": "sha512-FDCSVd3DjVTmbEAjUNX6FgfAmQ+ypJfHUsqUJOYNCBUp1h8lqmtC+0mXJ+JjsWx4KAVTkk1vKd1hLQPvEviSuw==",
      "requires": {
        "loose-envify": "^1.1.0",
        "object-assign": "^4.1.1",
        "prop-types": "^15.6.2",
        "schedule": "^0.5.0"
      }
    },
    "react-aria-modal": {
      "version": "3.0.1",
      "resolved": "https://registry.npmjs.org/react-aria-modal/-/react-aria-modal-3.0.1.tgz",
      "integrity": "sha512-H0pV5ITXe6JCQAUGoSiSncfTeGunImT8KFzLLMisuzOzsG4X7GZQJGcjk6uSwZmvwZpHL+EjMwRD+vJZx3nG8g==",
      "requires": {
        "focus-trap-react": "^4.0.0",
        "no-scroll": "^2.1.1",
        "react-displace": "^2.3.0"
      }
    },
    "react-displace": {
      "version": "2.3.0",
      "resolved": "https://registry.npmjs.org/react-displace/-/react-displace-2.3.0.tgz",
      "integrity": "sha512-T8g/lyn3IX8kxLO4k4vJ/oIO9G72pRTc9GYslqKsfPcN4gY5+FYR5OHxeTH1skPjVylJrveGE3OC2qCt3BuHeA=="
    },
    "react-dom": {
      "version": "16.5.2",
      "resolved": "https://registry.npmjs.org/react-dom/-/react-dom-16.5.2.tgz",
      "integrity": "sha512-RC8LDw8feuZOHVgzEf7f+cxBr/DnKdqp56VU0lAs1f4UfKc4cU8wU4fTq/mgnvynLQo8OtlPC19NUFh/zjZPuA==",
      "requires": {
        "loose-envify": "^1.1.0",
        "object-assign": "^4.1.1",
        "prop-types": "^15.6.2",
        "schedule": "^0.5.0"
      }
    },
    "schedule": {
      "version": "0.5.0",
      "resolved": "https://registry.npmjs.org/schedule/-/schedule-0.5.0.tgz",
      "integrity": "sha512-HUcJicG5Ou8xfR//c2rPT0lPIRR09vVvN81T9fqfVgBmhERUbDEQoYKjpBxbueJnCPpSu2ujXzOnRQt6x9o/jw==",
      "requires": {
        "object-assign": "^4.1.1"
      }
    },
    "tabbable": {
      "version": "3.1.1",
      "resolved": "https://registry.npmjs.org/tabbable/-/tabbable-3.1.1.tgz",
      "integrity": "sha512-583MHIOwictf7+zbxqO/L5fBqMN6Li4SJ1XTKQA9WzHRA7c2BB+D+Ny7Y6kGqU2u+rHK59+oRzrBvMU53aZz+A=="
    },
    "xtend": {
      "version": "4.0.1",
      "resolved": "https://registry.npmjs.org/xtend/-/xtend-4.0.1.tgz",
      "integrity": "sha1-pcbVMr5lbiPbgg77lDofBJmNY68="
    }
  }
}
